// !$*UTF8*$!
{
	archiveVersion = 1;
	classes = {
	};
	objectVersion = 46;
	objects = {

/* Begin PBXBuildFile section */
		4C75695E179B3033005BE0C8 /* main.c in Sources */ = {isa = PBXBuildFile; fileRef = 4C75695D179B3033005BE0C8 /* main.c */; };
		4C756967179B3173005BE0C8 /* libgit2.0.18.0.dylib in Frameworks */ = {isa = PBXBuildFile; fileRef = 4C756966179B3173005BE0C8 /* libgit2.0.18.0.dylib */; };
/* End PBXBuildFile section */

/* Begin PBXCopyFilesBuildPhase section */
		4C756958179B3033005BE0C8 /* CopyFiles */ = {
			isa = PBXCopyFilesBuildPhase;
			buildActionMask = 2147483647;
			dstPath = /usr/share/man/man1/;
			dstSubfolderSpec = 0;
			files = (
			);
			runOnlyForDeploymentPostprocessing = 1;
		};
/* End PBXCopyFilesBuildPhase section */

/* Begin PBXFileReference section */
		4C75695A179B3033005BE0C8 /* liveServer */ = {isa = PBXFileReference; explicitFileType = "compiled.mach-o.executable"; includeInIndex = 0; path = liveServer; sourceTree = BUILT_PRODUCTS_DIR; };
		4C75695D179B3033005BE0C8 /* main.c */ = {isa = PBXFileReference; lastKnownFileType = sourcecode.c.c; path = main.c; sourceTree = "<group>"; };
		4C756966179B3173005BE0C8 /* libgit2.0.18.0.dylib */ = {isa = PBXFileReference; lastKnownFileType = "compiled.mach-o.dylib"; name = libgit2.0.18.0.dylib; path = /usr/local/Cellar/libgit2/0.18.0/lib/libgit2.0.18.0.dylib; sourceTree = "<absolute>"; };
		4C756969179B31AB005BE0C8 /* attr.h */ = {isa = PBXFileReference; fileEncoding = 4; lastKnownFileType = sourcecode.c.h; path = attr.h; sourceTree = "<group>"; };
		4C75696A179B31AB005BE0C8 /* blob.h */ = {isa = PBXFileReference; fileEncoding = 4; lastKnownFileType = sourcecode.c.h; path = blob.h; sourceTree = "<group>"; };
		4C75696B179B31AB005BE0C8 /* branch.h */ = {isa = PBXFileReference; fileEncoding = 4; lastKnownFileType = sourcecode.c.h; path = branch.h; sourceTree = "<group>"; };
		4C75696C179B31AB005BE0C8 /* checkout.h */ = {isa = PBXFileReference; fileEncoding = 4; lastKnownFileType = sourcecode.c.h; path = checkout.h; sourceTree = "<group>"; };
		4C75696D179B31AB005BE0C8 /* clone.h */ = {isa = PBXFileReference; fileEncoding = 4; lastKnownFileType = sourcecode.c.h; path = clone.h; sourceTree = "<group>"; };
		4C75696E179B31AB005BE0C8 /* commit.h */ = {isa = PBXFileReference; fileEncoding = 4; lastKnownFileType = sourcecode.c.h; path = commit.h; sourceTree = "<group>"; };
		4C75696F179B31AB005BE0C8 /* common.h */ = {isa = PBXFileReference; fileEncoding = 4; lastKnownFileType = sourcecode.c.h; path = common.h; sourceTree = "<group>"; };
		4C756970179B31AB005BE0C8 /* config.h */ = {isa = PBXFileReference; fileEncoding = 4; lastKnownFileType = sourcecode.c.h; path = config.h; sourceTree = "<group>"; };
		4C756971179B31AB005BE0C8 /* cred_helpers.h */ = {isa = PBXFileReference; fileEncoding = 4; lastKnownFileType = sourcecode.c.h; path = cred_helpers.h; sourceTree = "<group>"; };
		4C756972179B31AB005BE0C8 /* diff.h */ = {isa = PBXFileReference; fileEncoding = 4; lastKnownFileType = sourcecode.c.h; path = diff.h; sourceTree = "<group>"; };
		4C756973179B31AB005BE0C8 /* errors.h */ = {isa = PBXFileReference; fileEncoding = 4; lastKnownFileType = sourcecode.c.h; path = errors.h; sourceTree = "<group>"; };
		4C756974179B31AB005BE0C8 /* graph.h */ = {isa = PBXFileReference; fileEncoding = 4; lastKnownFileType = sourcecode.c.h; path = graph.h; sourceTree = "<group>"; };
		4C756975179B31AB005BE0C8 /* ignore.h */ = {isa = PBXFileReference; fileEncoding = 4; lastKnownFileType = sourcecode.c.h; path = ignore.h; sourceTree = "<group>"; };
		4C756976179B31AB005BE0C8 /* index.h */ = {isa = PBXFileReference; fileEncoding = 4; lastKnownFileType = sourcecode.c.h; path = index.h; sourceTree = "<group>"; };
		4C756977179B31AB005BE0C8 /* indexer.h */ = {isa = PBXFileReference; fileEncoding = 4; lastKnownFileType = sourcecode.c.h; path = indexer.h; sourceTree = "<group>"; };
		4C756978179B31AB005BE0C8 /* inttypes.h */ = {isa = PBXFileReference; fileEncoding = 4; lastKnownFileType = sourcecode.c.h; path = inttypes.h; sourceTree = "<group>"; };
		4C756979179B31AB005BE0C8 /* merge.h */ = {isa = PBXFileReference; fileEncoding = 4; lastKnownFileType = sourcecode.c.h; path = merge.h; sourceTree = "<group>"; };
		4C75697A179B31AB005BE0C8 /* message.h */ = {isa = PBXFileReference; fileEncoding = 4; lastKnownFileType = sourcecode.c.h; path = message.h; sourceTree = "<group>"; };
		4C75697B179B31AB005BE0C8 /* net.h */ = {isa = PBXFileReference; fileEncoding = 4; lastKnownFileType = sourcecode.c.h; path = net.h; sourceTree = "<group>"; };
		4C75697C179B31AB005BE0C8 /* notes.h */ = {isa = PBXFileReference; fileEncoding = 4; lastKnownFileType = sourcecode.c.h; path = notes.h; sourceTree = "<group>"; };
		4C75697D179B31AB005BE0C8 /* object.h */ = {isa = PBXFileReference; fileEncoding = 4; lastKnownFileType = sourcecode.c.h; path = object.h; sourceTree = "<group>"; };
		4C75697E179B31AB005BE0C8 /* odb.h */ = {isa = PBXFileReference; fileEncoding = 4; lastKnownFileType = sourcecode.c.h; path = odb.h; sourceTree = "<group>"; };
		4C75697F179B31AB005BE0C8 /* odb_backend.h */ = {isa = PBXFileReference; fileEncoding = 4; lastKnownFileType = sourcecode.c.h; path = odb_backend.h; sourceTree = "<group>"; };
		4C756980179B31AB005BE0C8 /* oid.h */ = {isa = PBXFileReference; fileEncoding = 4; lastKnownFileType = sourcecode.c.h; path = oid.h; sourceTree = "<group>"; };
		4C756981179B31AB005BE0C8 /* pack.h */ = {isa = PBXFileReference; fileEncoding = 4; lastKnownFileType = sourcecode.c.h; path = pack.h; sourceTree = "<group>"; };
		4C756982179B31AB005BE0C8 /* push.h */ = {isa = PBXFileReference; fileEncoding = 4; lastKnownFileType = sourcecode.c.h; path = push.h; sourceTree = "<group>"; };
		4C756983179B31AB005BE0C8 /* refdb.h */ = {isa = PBXFileReference; fileEncoding = 4; lastKnownFileType = sourcecode.c.h; path = refdb.h; sourceTree = "<group>"; };
		4C756984179B31AB005BE0C8 /* refdb_backend.h */ = {isa = PBXFileReference; fileEncoding = 4; lastKnownFileType = sourcecode.c.h; path = refdb_backend.h; sourceTree = "<group>"; };
		4C756985179B31AB005BE0C8 /* reflog.h */ = {isa = PBXFileReference; fileEncoding = 4; lastKnownFileType = sourcecode.c.h; path = reflog.h; sourceTree = "<group>"; };
		4C756986179B31AB005BE0C8 /* refs.h */ = {isa = PBXFileReference; fileEncoding = 4; lastKnownFileType = sourcecode.c.h; path = refs.h; sourceTree = "<group>"; };
		4C756987179B31AB005BE0C8 /* refspec.h */ = {isa = PBXFileReference; fileEncoding = 4; lastKnownFileType = sourcecode.c.h; path = refspec.h; sourceTree = "<group>"; };
		4C756988179B31AB005BE0C8 /* remote.h */ = {isa = PBXFileReference; fileEncoding = 4; lastKnownFileType = sourcecode.c.h; path = remote.h; sourceTree = "<group>"; };
		4C756989179B31AB005BE0C8 /* repository.h */ = {isa = PBXFileReference; fileEncoding = 4; lastKnownFileType = sourcecode.c.h; path = repository.h; sourceTree = "<group>"; };
		4C75698A179B31AB005BE0C8 /* reset.h */ = {isa = PBXFileReference; fileEncoding = 4; lastKnownFileType = sourcecode.c.h; path = reset.h; sourceTree = "<group>"; };
		4C75698B179B31AB005BE0C8 /* revparse.h */ = {isa = PBXFileReference; fileEncoding = 4; lastKnownFileType = sourcecode.c.h; path = revparse.h; sourceTree = "<group>"; };
		4C75698C179B31AB005BE0C8 /* revwalk.h */ = {isa = PBXFileReference; fileEncoding = 4; lastKnownFileType = sourcecode.c.h; path = revwalk.h; sourceTree = "<group>"; };
		4C75698D179B31AB005BE0C8 /* signature.h */ = {isa = PBXFileReference; fileEncoding = 4; lastKnownFileType = sourcecode.c.h; path = signature.h; sourceTree = "<group>"; };
		4C75698E179B31AB005BE0C8 /* stash.h */ = {isa = PBXFileReference; fileEncoding = 4; lastKnownFileType = sourcecode.c.h; path = stash.h; sourceTree = "<group>"; };
		4C75698F179B31AB005BE0C8 /* status.h */ = {isa = PBXFileReference; fileEncoding = 4; lastKnownFileType = sourcecode.c.h; path = status.h; sourceTree = "<group>"; };
		4C756990179B31AB005BE0C8 /* stdint.h */ = {isa = PBXFileReference; fileEncoding = 4; lastKnownFileType = sourcecode.c.h; path = stdint.h; sourceTree = "<group>"; };
		4C756991179B31AB005BE0C8 /* strarray.h */ = {isa = PBXFileReference; fileEncoding = 4; lastKnownFileType = sourcecode.c.h; path = strarray.h; sourceTree = "<group>"; };
		4C756992179B31AB005BE0C8 /* submodule.h */ = {isa = PBXFileReference; fileEncoding = 4; lastKnownFileType = sourcecode.c.h; path = submodule.h; sourceTree = "<group>"; };
		4C756993179B31AB005BE0C8 /* tag.h */ = {isa = PBXFileReference; fileEncoding = 4; lastKnownFileType = sourcecode.c.h; path = tag.h; sourceTree = "<group>"; };
		4C756994179B31AB005BE0C8 /* threads.h */ = {isa = PBXFileReference; fileEncoding = 4; lastKnownFileType = sourcecode.c.h; path = threads.h; sourceTree = "<group>"; };
		4C756995179B31AB005BE0C8 /* trace.h */ = {isa = PBXFileReference; fileEncoding = 4; lastKnownFileType = sourcecode.c.h; path = trace.h; sourceTree = "<group>"; };
		4C756996179B31AB005BE0C8 /* transport.h */ = {isa = PBXFileReference; fileEncoding = 4; lastKnownFileType = sourcecode.c.h; path = transport.h; sourceTree = "<group>"; };
		4C756997179B31AB005BE0C8 /* tree.h */ = {isa = PBXFileReference; fileEncoding = 4; lastKnownFileType = sourcecode.c.h; path = tree.h; sourceTree = "<group>"; };
		4C756998179B31AB005BE0C8 /* types.h */ = {isa = PBXFileReference; fileEncoding = 4; lastKnownFileType = sourcecode.c.h; path = types.h; sourceTree = "<group>"; };
		4C756999179B31AB005BE0C8 /* version.h */ = {isa = PBXFileReference; fileEncoding = 4; lastKnownFileType = sourcecode.c.h; path = version.h; sourceTree = "<group>"; };
		4C75699A179B31AB005BE0C8 /* git2.h */ = {isa = PBXFileReference; fileEncoding = 4; lastKnownFileType = sourcecode.c.h; name = git2.h; path = /usr/local/Cellar/libgit2/0.18.0/include/git2.h; sourceTree = "<absolute>"; };
		4C75699D179B374F005BE0C8 /* .xctool-args */ = {isa = PBXFileReference; lastKnownFileType = text; path = ".xctool-args"; sourceTree = "<group>"; };
/* End PBXFileReference section */

/* Begin PBXFrameworksBuildPhase section */
		4C756957179B3033005BE0C8 /* Frameworks */ = {
			isa = PBXFrameworksBuildPhase;
			buildActionMask = 2147483647;
			files = (
				4C756967179B3173005BE0C8 /* libgit2.0.18.0.dylib in Frameworks */,
			);
			runOnlyForDeploymentPostprocessing = 0;
		};
/* End PBXFrameworksBuildPhase section */

/* Begin PBXGroup section */
		4C756951179B3033005BE0C8 = {
			isa = PBXGroup;
			children = (
				4C75699C179B3726005BE0C8 /* config */,
				4C75699B179B31BD005BE0C8 /* libgit2 */,
				4C75695C179B3033005BE0C8 /* liveServer */,
				4C75695B179B3033005BE0C8 /* Products */,
			);
			sourceTree = "<group>";
		};
		4C75695B179B3033005BE0C8 /* Products */ = {
			isa = PBXGroup;
			children = (
				4C75695A179B3033005BE0C8 /* liveServer */,
			);
			name = Products;
			sourceTree = "<group>";
		};
		4C75695C179B3033005BE0C8 /* liveServer */ = {
			isa = PBXGroup;
			children = (
				4C75695D179B3033005BE0C8 /* main.c */,
			);
			path = liveServer;
			sourceTree = "<group>";
		};
		4C756968179B31AB005BE0C8 /* git2 */ = {
			isa = PBXGroup;
			children = (
				4C756969179B31AB005BE0C8 /* attr.h */,
				4C75696A179B31AB005BE0C8 /* blob.h */,
				4C75696B179B31AB005BE0C8 /* branch.h */,
				4C75696C179B31AB005BE0C8 /* checkout.h */,
				4C75696D179B31AB005BE0C8 /* clone.h */,
				4C75696E179B31AB005BE0C8 /* commit.h */,
				4C75696F179B31AB005BE0C8 /* common.h */,
				4C756970179B31AB005BE0C8 /* config.h */,
				4C756971179B31AB005BE0C8 /* cred_helpers.h */,
				4C756972179B31AB005BE0C8 /* diff.h */,
				4C756973179B31AB005BE0C8 /* errors.h */,
				4C756974179B31AB005BE0C8 /* graph.h */,
				4C756975179B31AB005BE0C8 /* ignore.h */,
				4C756976179B31AB005BE0C8 /* index.h */,
				4C756977179B31AB005BE0C8 /* indexer.h */,
				4C756978179B31AB005BE0C8 /* inttypes.h */,
				4C756979179B31AB005BE0C8 /* merge.h */,
				4C75697A179B31AB005BE0C8 /* message.h */,
				4C75697B179B31AB005BE0C8 /* net.h */,
				4C75697C179B31AB005BE0C8 /* notes.h */,
				4C75697D179B31AB005BE0C8 /* object.h */,
				4C75697E179B31AB005BE0C8 /* odb.h */,
				4C75697F179B31AB005BE0C8 /* odb_backend.h */,
				4C756980179B31AB005BE0C8 /* oid.h */,
				4C756981179B31AB005BE0C8 /* pack.h */,
				4C756982179B31AB005BE0C8 /* push.h */,
				4C756983179B31AB005BE0C8 /* refdb.h */,
				4C756984179B31AB005BE0C8 /* refdb_backend.h */,
				4C756985179B31AB005BE0C8 /* reflog.h */,
				4C756986179B31AB005BE0C8 /* refs.h */,
				4C756987179B31AB005BE0C8 /* refspec.h */,
				4C756988179B31AB005BE0C8 /* remote.h */,
				4C756989179B31AB005BE0C8 /* repository.h */,
				4C75698A179B31AB005BE0C8 /* reset.h */,
				4C75698B179B31AB005BE0C8 /* revparse.h */,
				4C75698C179B31AB005BE0C8 /* revwalk.h */,
				4C75698D179B31AB005BE0C8 /* signature.h */,
				4C75698E179B31AB005BE0C8 /* stash.h */,
				4C75698F179B31AB005BE0C8 /* status.h */,
				4C756990179B31AB005BE0C8 /* stdint.h */,
				4C756991179B31AB005BE0C8 /* strarray.h */,
				4C756992179B31AB005BE0C8 /* submodule.h */,
				4C756993179B31AB005BE0C8 /* tag.h */,
				4C756994179B31AB005BE0C8 /* threads.h */,
				4C756995179B31AB005BE0C8 /* trace.h */,
				4C756996179B31AB005BE0C8 /* transport.h */,
				4C756997179B31AB005BE0C8 /* tree.h */,
				4C756998179B31AB005BE0C8 /* types.h */,
				4C756999179B31AB005BE0C8 /* version.h */,
			);
			name = git2;
			path = /usr/local/Cellar/libgit2/0.18.0/include/git2;
			sourceTree = "<absolute>";
		};
		4C75699B179B31BD005BE0C8 /* libgit2 */ = {
			isa = PBXGroup;
			children = (
				4C756966179B3173005BE0C8 /* libgit2.0.18.0.dylib */,
				4C756968179B31AB005BE0C8 /* git2 */,
				4C75699A179B31AB005BE0C8 /* git2.h */,
			);
			name = libgit2;
			sourceTree = "<group>";
		};
		4C75699C179B3726005BE0C8 /* config */ = {
			isa = PBXGroup;
			children = (
				4C75699D179B374F005BE0C8 /* .xctool-args */,
			);
			name = config;
			sourceTree = "<group>";
		};
/* End PBXGroup section */

/* Begin PBXNativeTarget section */
		4C756959179B3033005BE0C8 /* liveServer */ = {
			isa = PBXNativeTarget;
			buildConfigurationList = 4C756963179B3033005BE0C8 /* Build configuration list for PBXNativeTarget "liveServer" */;
			buildPhases = (
				4C756956179B3033005BE0C8 /* Sources */,
				4C756957179B3033005BE0C8 /* Frameworks */,
				4C756958179B3033005BE0C8 /* CopyFiles */,
			);
			buildRules = (
			);
			dependencies = (
			);
			name = liveServer;
			productName = liveServer;
			productReference = 4C75695A179B3033005BE0C8 /* liveServer */;
			productType = "com.apple.product-type.tool";
		};
/* End PBXNativeTarget section */

/* Begin PBXProject section */
		4C756952179B3033005BE0C8 /* Project object */ = {
			isa = PBXProject;
			attributes = {
				LastUpgradeCheck = 0500;
				ORGANIZATIONNAME = "Michael Timbrook";
			};
			buildConfigurationList = 4C756955179B3033005BE0C8 /* Build configuration list for PBXProject "liveServer" */;
			compatibilityVersion = "Xcode 3.2";
			developmentRegion = English;
			hasScannedForEncodings = 0;
			knownRegions = (
				en,
			);
			mainGroup = 4C756951179B3033005BE0C8;
			productRefGroup = 4C75695B179B3033005BE0C8 /* Products */;
			projectDirPath = "";
			projectRoot = "";
			targets = (
				4C756959179B3033005BE0C8 /* liveServer */,
			);
		};
/* End PBXProject section */

/* Begin PBXSourcesBuildPhase section */
		4C756956179B3033005BE0C8 /* Sources */ = {
			isa = PBXSourcesBuildPhase;
			buildActionMask = 2147483647;
			files = (
				4C75695E179B3033005BE0C8 /* main.c in Sources */,
			);
			runOnlyForDeploymentPostprocessing = 0;
		};
/* End PBXSourcesBuildPhase section */

/* Begin XCBuildConfiguration section */
		4C756961179B3033005BE0C8 /* Debug */ = {
			isa = XCBuildConfiguration;
			buildSettings = {
				ALWAYS_SEARCH_USER_PATHS = NO;
				CLANG_CXX_LANGUAGE_STANDARD = "gnu++0x";
				CLANG_CXX_LIBRARY = "libc++";
				CLANG_ENABLE_MODULES = YES;
				CLANG_ENABLE_OBJC_ARC = YES;
				CLANG_WARN_BOOL_CONVERSION = YES;
				CLANG_WARN_CONSTANT_CONVERSION = YES;
				CLANG_WARN_DIRECT_OBJC_ISA_USAGE = YES_ERROR;
				CLANG_WARN_EMPTY_BODY = YES;
				CLANG_WARN_ENUM_CONVERSION = YES;
				CLANG_WARN_INT_CONVERSION = YES;
				CLANG_WARN_OBJC_ROOT_CLASS = YES_ERROR;
				CLANG_WARN__DUPLICATE_METHOD_MATCH = YES;
				COPY_PHASE_STRIP = NO;
				GCC_C_LANGUAGE_STANDARD = gnu99;
				GCC_DYNAMIC_NO_PIC = NO;
				GCC_ENABLE_OBJC_EXCEPTIONS = YES;
				GCC_OPTIMIZATION_LEVEL = 0;
				GCC_PREPROCESSOR_DEFINITIONS = (
					"DEBUG=1",
					"$(inherited)",
				);
				GCC_SYMBOLS_PRIVATE_EXTERN = NO;
				GCC_WARN_64_TO_32_BIT_CONVERSION = YES;
				GCC_WARN_ABOUT_RETURN_TYPE = YES_ERROR;
				GCC_WARN_UNDECLARED_SELECTOR = YES;
				GCC_WARN_UNINITIALIZED_AUTOS = YES;
				GCC_WARN_UNUSED_FUNCTION = YES;
				GCC_WARN_UNUSED_VARIABLE = YES;
				MACOSX_DEPLOYMENT_TARGET = 10.9;
				ONLY_ACTIVE_ARCH = YES;
				SDKROOT = macosx;
			};
			name = Debug;
		};
		4C756962179B3033005BE0C8 /* Release */ = {
			isa = XCBuildConfiguration;
			buildSettings = {
				ALWAYS_SEARCH_USER_PATHS = NO;
				CLANG_CXX_LANGUAGE_STANDARD = "gnu++0x";
				CLANG_CXX_LIBRARY = "libc++";
				CLANG_ENABLE_MODULES = YES;
				CLANG_ENABLE_OBJC_ARC = YES;
				CLANG_WARN_BOOL_CONVERSION = YES;
				CLANG_WARN_CONSTANT_CONVERSION = YES;
				CLANG_WARN_DIRECT_OBJC_ISA_USAGE = YES_ERROR;
				CLANG_WARN_EMPTY_BODY = YES;
				CLANG_WARN_ENUM_CONVERSION = YES;
				CLANG_WARN_INT_CONVERSION = YES;
				CLANG_WARN_OBJC_ROOT_CLASS = YES_ERROR;
				CLANG_WARN__DUPLICATE_METHOD_MATCH = YES;
				COPY_PHASE_STRIP = YES;
				DEBUG_INFORMATION_FORMAT = "dwarf-with-dsym";
				ENABLE_NS_ASSERTIONS = NO;
				GCC_C_LANGUAGE_STANDARD = gnu99;
				GCC_ENABLE_OBJC_EXCEPTIONS = YES;
				GCC_WARN_64_TO_32_BIT_CONVERSION = YES;
				GCC_WARN_ABOUT_RETURN_TYPE = YES_ERROR;
				GCC_WARN_UNDECLARED_SELECTOR = YES;
				GCC_WARN_UNINITIALIZED_AUTOS = YES;
				GCC_WARN_UNUSED_FUNCTION = YES;
				GCC_WARN_UNUSED_VARIABLE = YES;
				MACOSX_DEPLOYMENT_TARGET = 10.9;
				SDKROOT = macosx;
			};
			name = Release;
		};
		4C756964179B3033005BE0C8 /* Debug */ = {
			isa = XCBuildConfiguration;
			buildSettings = {
				CONFIGURATION_BUILD_DIR = "$(BUILD_DIR)/$(CONFIGURATION)$(EFFECTIVE_PLATFORM_NAME)";
				GCC_VERSION = com.apple.compilers.llvm.clang.1_0;
				LIBRARY_SEARCH_PATHS = (
					"$(inherited)",
					/usr/local/Cellar/libgit2/0.18.0/lib,
				);
				PRODUCT_NAME = "$(TARGET_NAME)";
			};
			name = Debug;
		};
		4C756965179B3033005BE0C8 /* Release */ = {
			isa = XCBuildConfiguration;
			buildSettings = {
				GCC_VERSION = com.apple.compilers.llvm.clang.1_0;
				LIBRARY_SEARCH_PATHS = (
					"$(inherited)",
					/usr/local/Cellar/libgit2/0.18.0/lib,
				);
				PRODUCT_NAME = "$(TARGET_NAME)";
			};
			name = Release;
		};
/* End XCBuildConfiguration section */

/* Begin XCConfigurationList section */
		4C756955179B3033005BE0C8 /* Build configuration list for PBXProject "liveServer" */ = {
			isa = XCConfigurationList;
			buildConfigurations = (
				4C756961179B3033005BE0C8 /* Debug */,
				4C756962179B3033005BE0C8 /* Release */,
			);
			defaultConfigurationIsVisible = 0;
			defaultConfigurationName = Release;
		};
		4C756963179B3033005BE0C8 /* Build configuration list for PBXNativeTarget "liveServer" */ = {
			isa = XCConfigurationList;
			buildConfigurations = (
				4C756964179B3033005BE0C8 /* Debug */,
				4C756965179B3033005BE0C8 /* Release */,
			);
			defaultConfigurationIsVisible = 0;
			defaultConfigurationName = Release;
		};
/* End XCConfigurationList section */
	};
	rootObject = 4C756952179B3033005BE0C8 /* Project object */;
}
